
Microsoft Visual Studio Solution File, Format Version 12.00
# Visual Studio Version 17
VisualStudioVersion = 17.14.36616.10
MinimumVisualStudioVersion = 10.0.40219.1
Project("{FAE04EC0-301F-11D3-BF4B-00C04F79EFBC}") = "DELTATEST", "DELTATEST\DELTATEST.csproj", "{ED8EAF96-549E-48C0-8CE8-5A845E50F3A4}"
EndProject
Project("{FAE04EC0-301F-11D3-BF4B-00C04F79EFBC}") = "DELTAAPI", "DELTAAPI\DELTAAPI.csproj", "{59F6225B-70E9-4E70-B945-1CDC11F1D278}"
EndProject
Project("{FAE04EC0-301F-11D3-BF4B-00C04F79EFBC}") = "DeltatEntities", "DeltatEntities\DeltatEntities.csproj", "{118D02C1-C03F-4074-A0DD-806A6B23754B}"
EndProject
Global
	GlobalSection(SolutionConfigurationPlatforms) = preSolution
		Debug|Any CPU = Debug|Any CPU
		Release|Any CPU = Release|Any CPU
	EndGlobalSection
	GlobalSection(ProjectConfigurationPlatforms) = postSolution
		{ED8EAF96-549E-48C0-8CE8-5A845E50F3A4}.Debug|Any CPU.ActiveCfg = Debug|Any CPU
		{ED8EAF96-549E-48C0-8CE8-5A845E50F3A4}.Debug|Any CPU.Build.0 = Debug|Any CPU
		{ED8EAF96-549E-48C0-8CE8-5A845E50F3A4}.Release|Any CPU.ActiveCfg = Release|Any CPU
		{ED8EAF96-549E-48C0-8CE8-5A845E50F3A4}.Release|Any CPU.Build.0 = Release|Any CPU
		{59F6225B-70E9-4E70-B945-1CDC11F1D278}.Debug|Any CPU.ActiveCfg = Debug|Any CPU
		{59F6225B-70E9-4E70-B945-1CDC11F1D278}.Debug|Any CPU.Build.0 = Debug|Any CPU
		{59F6225B-70E9-4E70-B945-1CDC11F1D278}.Release|Any CPU.ActiveCfg = Release|Any CPU
		{59F6225B-70E9-4E70-B945-1CDC11F1D278}.Release|Any CPU.Build.0 = Release|Any CPU
		{118D02C1-C03F-4074-A0DD-806A6B23754B}.Debug|Any CPU.ActiveCfg = Debug|Any CPU
		{118D02C1-C03F-4074-A0DD-806A6B23754B}.Debug|Any CPU.Build.0 = Debug|Any CPU
		{118D02C1-C03F-4074-A0DD-806A6B23754B}.Release|Any CPU.ActiveCfg = Release|Any CPU
		{118D02C1-C03F-4074-A0DD-806A6B23754B}.Release|Any CPU.Build.0 = Release|Any CPU
	EndGlobalSection
	GlobalSection(SolutionProperties) = preSolution
		HideSolutionNode = FALSE
	EndGlobalSection
	GlobalSection(ExtensibilityGlobals) = postSolution
		SolutionGuid = {E9C64078-E690-4733-900E-78BAACBA1045}
	EndGlobalSection
EndGlobal
